
Microsoft Visual Studio Solution File, Format Version 12.00
# Visual Studio Version 16
VisualStudioVersion = 16.0.31313.79
MinimumVisualStudioVersion = 10.0.40219.1
Project("{2150E333-8FDC-42A3-9474-1A3956D46DE8}") = "Src", "Src", "{3A8F3660-01B7-44F4-AA16-E230783EB4C5}"
EndProject
Project("{2150E333-8FDC-42A3-9474-1A3956D46DE8}") = "Test", "Test", "{B9B84D91-9D71-4342-8692-6C77B0945B18}"
EndProject
Project("{9A19103F-16F7-4668-BE54-9A1E7A4F7556}") = "EnterprisesX.API", "src\EnterprisesX.API\EnterprisesX.API.csproj", "{7A802E89-4492-4B14-8289-FAA55C4B184D}"
EndProject
Project("{9A19103F-16F7-4668-BE54-9A1E7A4F7556}") = "EnterprisesX.Application", "src\EnterprisesX.Application\EnterprisesX.Application.csproj", "{14CA1E1E-84B3-481A-BCB0-AB1AA46338B4}"
EndProject
Project("{9A19103F-16F7-4668-BE54-9A1E7A4F7556}") = "EnterprisesX.Domain", "src\EnterprisesX.Domain\EnterprisesX.Domain.csproj", "{4C8FE5F6-DEA8-4E19-A632-A8CD70A40FC0}"
EndProject
Project("{9A19103F-16F7-4668-BE54-9A1E7A4F7556}") = "EnterprisesX.Infrastructure", "src\EnterprisesX.Infrastructure\EnterprisesX.Infrastructure.csproj", "{BBBBA380-68D0-4BFA-8F8C-934EA9CB756E}"
EndProject
Global
	GlobalSection(SolutionConfigurationPlatforms) = preSolution
		Debug|Any CPU = Debug|Any CPU
		Release|Any CPU = Release|Any CPU
	EndGlobalSection
	GlobalSection(ProjectConfigurationPlatforms) = postSolution
		{7A802E89-4492-4B14-8289-FAA55C4B184D}.Debug|Any CPU.ActiveCfg = Debug|Any CPU
		{7A802E89-4492-4B14-8289-FAA55C4B184D}.Debug|Any CPU.Build.0 = Debug|Any CPU
		{7A802E89-4492-4B14-8289-FAA55C4B184D}.Release|Any CPU.ActiveCfg = Release|Any CPU
		{7A802E89-4492-4B14-8289-FAA55C4B184D}.Release|Any CPU.Build.0 = Release|Any CPU
		{14CA1E1E-84B3-481A-BCB0-AB1AA46338B4}.Debug|Any CPU.ActiveCfg = Debug|Any CPU
		{14CA1E1E-84B3-481A-BCB0-AB1AA46338B4}.Debug|Any CPU.Build.0 = Debug|Any CPU
		{14CA1E1E-84B3-481A-BCB0-AB1AA46338B4}.Release|Any CPU.ActiveCfg = Release|Any CPU
		{14CA1E1E-84B3-481A-BCB0-AB1AA46338B4}.Release|Any CPU.Build.0 = Release|Any CPU
		{4C8FE5F6-DEA8-4E19-A632-A8CD70A40FC0}.Debug|Any CPU.ActiveCfg = Debug|Any CPU
		{4C8FE5F6-DEA8-4E19-A632-A8CD70A40FC0}.Debug|Any CPU.Build.0 = Debug|Any CPU
		{4C8FE5F6-DEA8-4E19-A632-A8CD70A40FC0}.Release|Any CPU.ActiveCfg = Release|Any CPU
		{4C8FE5F6-DEA8-4E19-A632-A8CD70A40FC0}.Release|Any CPU.Build.0 = Release|Any CPU
		{BBBBA380-68D0-4BFA-8F8C-934EA9CB756E}.Debug|Any CPU.ActiveCfg = Debug|Any CPU
		{BBBBA380-68D0-4BFA-8F8C-934EA9CB756E}.Debug|Any CPU.Build.0 = Debug|Any CPU
		{BBBBA380-68D0-4BFA-8F8C-934EA9CB756E}.Release|Any CPU.ActiveCfg = Release|Any CPU
		{BBBBA380-68D0-4BFA-8F8C-934EA9CB756E}.Release|Any CPU.Build.0 = Release|Any CPU
	EndGlobalSection
	GlobalSection(SolutionProperties) = preSolution
		HideSolutionNode = FALSE
	EndGlobalSection
	GlobalSection(NestedProjects) = preSolution
		{7A802E89-4492-4B14-8289-FAA55C4B184D} = {3A8F3660-01B7-44F4-AA16-E230783EB4C5}
		{14CA1E1E-84B3-481A-BCB0-AB1AA46338B4} = {3A8F3660-01B7-44F4-AA16-E230783EB4C5}
		{4C8FE5F6-DEA8-4E19-A632-A8CD70A40FC0} = {3A8F3660-01B7-44F4-AA16-E230783EB4C5}
		{BBBBA380-68D0-4BFA-8F8C-934EA9CB756E} = {3A8F3660-01B7-44F4-AA16-E230783EB4C5}
	EndGlobalSection
	GlobalSection(ExtensibilityGlobals) = postSolution
		SolutionGuid = {48096510-A497-40D4-A690-AD9DD5AAA5BE}
	EndGlobalSection
EndGlobal
